
Microsoft Visual Studio Solution File, Format Version 11.00
# Visual C++ Express 2010
Project("{8BC9CEB8-8B4A-11D0-8D11-00A0C91BC942}") = "HW05-womacksc", "HW05-womacksc\HW05-womacksc.vcxproj", "{38A9B1AC-DD13-4A06-91EB-8F4158D0916D}"
EndProject
Global
	GlobalSection(SolutionConfigurationPlatforms) = preSolution
		Debug|Win32 = Debug|Win32
		Release|Win32 = Release|Win32
	EndGlobalSection
	GlobalSection(ProjectConfigurationPlatforms) = postSolution
		{38A9B1AC-DD13-4A06-91EB-8F4158D0916D}.Debug|Win32.ActiveCfg = Debug|Win32
		{38A9B1AC-DD13-4A06-91EB-8F4158D0916D}.Debug|Win32.Build.0 = Debug|Win32
		{38A9B1AC-DD13-4A06-91EB-8F4158D0916D}.Release|Win32.ActiveCfg = Release|Win32
		{38A9B1AC-DD13-4A06-91EB-8F4158D0916D}.Release|Win32.Build.0 = Release|Win32
	EndGlobalSection
	GlobalSection(SolutionProperties) = preSolution
		HideSolutionNode = FALSE
	EndGlobalSection
EndGlobal
